// !$*UTF8*$!
{
	archiveVersion = 1;
	classes = {
	};
	objectVersion = 77;
	objects = {

/* Begin PBXBuildFile section */
		CCB0197E2EF88E2B00B00AEA /* WebRTC in Frameworks */ = {isa = PBXBuildFile; productRef = CCB0197D2EF88E2B00B00AEA /* WebRTC */; };
		CCB01A082EF90A9700B00AEA /* Starscream in Frameworks */ = {isa = PBXBuildFile; productRef = CCB01A072EF90A9700B00AEA /* Starscream */; };
/* End PBXBuildFile section */

/* Begin PBXContainerItemProxy section */
		CCB019602EF88C8F00B00AEA /* PBXContainerItemProxy */ = {
			isa = PBXContainerItemProxy;
			containerPortal = CCB0194A2EF88C8E00B00AEA /* Project object */;
			proxyType = 1;
			remoteGlobalIDString = CCB019512EF88C8E00B00AEA;
			remoteInfo = WebRTCDemo;
		};
		CCB0196A2EF88C8F00B00AEA /* PBXContainerItemProxy */ = {
			isa = PBXContainerItemProxy;
			containerPortal = CCB0194A2EF88C8E00B00AEA /* Project object */;
			proxyType = 1;
			remoteGlobalIDString = CCB019512EF88C8E00B00AEA;
			remoteInfo = WebRTCDemo;
		};
/* End PBXContainerItemProxy section */

/* Begin PBXFileReference section */
		CCB019522EF88C8E00B00AEA /* WebRTCDemo.app */ = {isa = PBXFileReference; explicitFileType = wrapper.application; includeInIndex = 0; path = WebRTCDemo.app; sourceTree = BUILT_PRODUCTS_DIR; };
		CCB0195F2EF88C8F00B00AEA /* WebRTCDemoTests.xctest */ = {isa = PBXFileReference; explicitFileType = wrapper.cfbundle; includeInIndex = 0; path = WebRTCDemoTests.xctest; sourceTree = BUILT_PRODUCTS_DIR; };
		CCB019692EF88C8F00B00AEA /* WebRTCDemoUITests.xctest */ = {isa = PBXFileReference; explicitFileType = wrapper.cfbundle; includeInIndex = 0; path = WebRTCDemoUITests.xctest; sourceTree = BUILT_PRODUCTS_DIR; };
/* End PBXFileReference section */

/* Begin PBXFileSystemSynchronizedBuildFileExceptionSet section */
		CCB0198D2EF8FC3300B00AEA /* Exceptions for "WebRTCDemo" folder in "WebRTCDemo" target */ = {
			isa = PBXFileSystemSynchronizedBuildFileExceptionSet;
			membershipExceptions = (
				Info.plist,
			);
			target = CCB019512EF88C8E00B00AEA /* WebRTCDemo */;
		};
/* End PBXFileSystemSynchronizedBuildFileExceptionSet section */

/* Begin PBXFileSystemSynchronizedRootGroup section */
		CCB019542EF88C8E00B00AEA /* WebRTCDemo */ = {
			isa = PBXFileSystemSynchronizedRootGroup;
			exceptions = (
				CCB0198D2EF8FC3300B00AEA /* Exceptions for "WebRTCDemo" folder in "WebRTCDemo" target */,
			);
			path = WebRTCDemo;
			sourceTree = "<group>";
		};
		CCB019622EF88C8F00B00AEA /* WebRTCDemoTests */ = {
			isa = PBXFileSystemSynchronizedRootGroup;
			path = WebRTCDemoTests;
			sourceTree = "<group>";
		};
		CCB0196C2EF88C8F00B00AEA /* WebRTCDemoUITests */ = {
			isa = PBXFileSystemSynchronizedRootGroup;
			path = WebRTCDemoUITests;
			sourceTree = "<group>";
		};
/* End PBXFileSystemSynchronizedRootGroup section */

/* Begin PBXFrameworksBuildPhase section */
		CCB0194F2EF88C8E00B00AEA /* Frameworks */ = {
			isa = PBXFrameworksBuildPhase;
			buildActionMask = 2147483647;
			files = (
				CCB0197E2EF88E2B00B00AEA /* WebRTC in Frameworks */,
				CCB01A082EF90A9700B00AEA /* Starscream in Frameworks */,
			);
			runOnlyForDeploymentPostprocessing = 0;
		};
		CCB0195C2EF88C8F00B00AEA /* Frameworks */ = {
			isa = PBXFrameworksBuildPhase;
			buildActionMask = 2147483647;
			files = (
			);
			runOnlyForDeploymentPostprocessing = 0;
		};
		CCB019662EF88C8F00B00AEA /* Frameworks */ = {
			isa = PBXFrameworksBuildPhase;
			buildActionMask = 2147483647;
			files = (
			);
			runOnlyForDeploymentPostprocessing = 0;
		};
/* End PBXFrameworksBuildPhase section */

/* Begin PBXGroup section */
		CCB019492EF88C8E00B00AEA = {
			isa = PBXGroup;
			children = (
				CCB019542EF88C8E00B00AEA /* WebRTCDemo */,
				CCB019622EF88C8F00B00AEA /* WebRTCDemoTests */,
				CCB0196C2EF88C8F00B00AEA /* WebRTCDemoUITests */,
				CCB019802EF8E86000B00AEA /* Frameworks */,
				CCB019532EF88C8E00B00AEA /* Products */,
			);
			sourceTree = "<group>";
		};
		CCB019532EF88C8E00B00AEA /* Products */ = {
			isa = PBXGroup;
			children = (
				CCB019522EF88C8E00B00AEA /* WebRTCDemo.app */,
				CCB0195F2EF88C8F00B00AEA /* WebRTCDemoTests.xctest */,
				CCB019692EF88C8F00B00AEA /* WebRTCDemoUITests.xctest */,
			);
			name = Products;
			sourceTree = "<group>";
		};
		CCB019802EF8E86000B00AEA /* Frameworks */ = {
			isa = PBXGroup;
			children = (
			);
			name = Frameworks;
			sourceTree = "<group>";
		};
/* End PBXGroup section */

/* Begin PBXNativeTarget section */
		CCB019512EF88C8E00B00AEA /* WebRTCDemo */ = {
			isa = PBXNativeTarget;
			buildConfigurationList = CCB019732EF88C8F00B00AEA /* Build configuration list for PBXNativeTarget "WebRTCDemo" */;
			buildPhases = (
				CCB0194E2EF88C8E00B00AEA /* Sources */,
				CCB0194F2EF88C8E00B00AEA /* Frameworks */,
				CCB019502EF88C8E00B00AEA /* Resources */,
			);
			buildRules = (
			);
			dependencies = (
			);
			fileSystemSynchronizedGroups = (
				CCB019542EF88C8E00B00AEA /* WebRTCDemo */,
			);
			name = WebRTCDemo;
			packageProductDependencies = (
				CCB0197D2EF88E2B00B00AEA /* WebRTC */,
				CCB01A072EF90A9700B00AEA /* Starscream */,
			);
			productName = WebRTCDemo;
			productReference = CCB019522EF88C8E00B00AEA /* WebRTCDemo.app */;
			productType = "com.apple.product-type.application";
		};
		CCB0195E2EF88C8F00B00AEA /* WebRTCDemoTests */ = {
			isa = PBXNativeTarget;
			buildConfigurationList = CCB019762EF88C8F00B00AEA /* Build configuration list for PBXNativeTarget "WebRTCDemoTests" */;
			buildPhases = (
				CCB0195B2EF88C8F00B00AEA /* Sources */,
				CCB0195C2EF88C8F00B00AEA /* Frameworks */,
				CCB0195D2EF88C8F00B00AEA /* Resources */,
			);
			buildRules = (
			);
			dependencies = (
				CCB019612EF88C8F00B00AEA /* PBXTargetDependency */,
			);
			fileSystemSynchronizedGroups = (
				CCB019622EF88C8F00B00AEA /* WebRTCDemoTests */,
			);
			name = WebRTCDemoTests;
			packageProductDependencies = (
			);
			productName = WebRTCDemoTests;
			productReference = CCB0195F2EF88C8F00B00AEA /* WebRTCDemoTests.xctest */;
			productType = "com.apple.product-type.bundle.unit-test";
		};
		CCB019682EF88C8F00B00AEA /* WebRTCDemoUITests */ = {
			isa = PBXNativeTarget;
			buildConfigurationList = CCB019792EF88C8F00B00AEA /* Build configuration list for PBXNativeTarget "WebRTCDemoUITests" */;
			buildPhases = (
				CCB019652EF88C8F00B00AEA /* Sources */,
				CCB019662EF88C8F00B00AEA /* Frameworks */,
				CCB019672EF88C8F00B00AEA /* Resources */,
			);
			buildRules = (
			);
			dependencies = (
				CCB0196B2EF88C8F00B00AEA /* PBXTargetDependency */,
			);
			fileSystemSynchronizedGroups = (
				CCB0196C2EF88C8F00B00AEA /* WebRTCDemoUITests */,
			);
			name = WebRTCDemoUITests;
			packageProductDependencies = (
			);
			productName = WebRTCDemoUITests;
			productReference = CCB019692EF88C8F00B00AEA /* WebRTCDemoUITests.xctest */;
			productType = "com.apple.product-type.bundle.ui-testing";
		};
/* End PBXNativeTarget section */

/* Begin PBXProject section */
		CCB0194A2EF88C8E00B00AEA /* Project object */ = {
			isa = PBXProject;
			attributes = {
				BuildIndependentTargetsInParallel = 1;
				LastSwiftUpdateCheck = 2620;
				LastUpgradeCheck = 2620;
				TargetAttributes = {
					CCB019512EF88C8E00B00AEA = {
						CreatedOnToolsVersion = 26.2;
					};
					CCB0195E2EF88C8F00B00AEA = {
						CreatedOnToolsVersion = 26.2;
						TestTargetID = CCB019512EF88C8E00B00AEA;
					};
					CCB019682EF88C8F00B00AEA = {
						CreatedOnToolsVersion = 26.2;
						TestTargetID = CCB019512EF88C8E00B00AEA;
					};
				};
			};
			buildConfigurationList = CCB0194D2EF88C8E00B00AEA /* Build configuration list for PBXProject "WebRTCDemo" */;
			developmentRegion = en;
			hasScannedForEncodings = 0;
			knownRegions = (
				en,
				Base,
			);
			mainGroup = CCB019492EF88C8E00B00AEA;
			minimizedProjectReferenceProxies = 1;
			packageReferences = (
				CCB0197C2EF88E2B00B00AEA /* XCRemoteSwiftPackageReference "WebRTC" */,
				CCB01A062EF90A9700B00AEA /* XCRemoteSwiftPackageReference "Starscream" */,
			);
			preferredProjectObjectVersion = 77;
			productRefGroup = CCB019532EF88C8E00B00AEA /* Products */;
			projectDirPath = "";
			projectRoot = "";
			targets = (
				CCB019512EF88C8E00B00AEA /* WebRTCDemo */,
				CCB0195E2EF88C8F00B00AEA /* WebRTCDemoTests */,
				CCB019682EF88C8F00B00AEA /* WebRTCDemoUITests */,
			);
		};
/* End PBXProject section */

/* Begin PBXResourcesBuildPhase section */
		CCB019502EF88C8E00B00AEA /* Resources */ = {
			isa = PBXResourcesBuildPhase;
			buildActionMask = 2147483647;
			files = (
			);
			runOnlyForDeploymentPostprocessing = 0;
		};
		CCB0195D2EF88C8F00B00AEA /* Resources */ = {
			isa = PBXResourcesBuildPhase;
			buildActionMask = 2147483647;
			files = (
			);
			runOnlyForDeploymentPostprocessing = 0;
		};
		CCB019672EF88C8F00B00AEA /* Resources */ = {
			isa = PBXResourcesBuildPhase;
			buildActionMask = 2147483647;
			files = (
			);
			runOnlyForDeploymentPostprocessing = 0;
		};
/* End PBXResourcesBuildPhase section */

/* Begin PBXSourcesBuildPhase section */
		CCB0194E2EF88C8E00B00AEA /* Sources */ = {
			isa = PBXSourcesBuildPhase;
			buildActionMask = 2147483647;
			files = (
			);
			runOnlyForDeploymentPostprocessing = 0;
		};
		CCB0195B2EF88C8F00B00AEA /* Sources */ = {
			isa = PBXSourcesBuildPhase;
			buildActionMask = 2147483647;
			files = (
			);
			runOnlyForDeploymentPostprocessing = 0;
		};
		CCB019652EF88C8F00B00AEA /* Sources */ = {
			isa = PBXSourcesBuildPhase;
			buildActionMask = 2147483647;
			files = (
			);
			runOnlyForDeploymentPostprocessing = 0;
		};
/* End PBXSourcesBuildPhase section */

/* Begin PBXTargetDependency section */
		CCB019612EF88C8F00B00AEA /* PBXTargetDependency */ = {
			isa = PBXTargetDependency;
			target = CCB019512EF88C8E00B00AEA /* WebRTCDemo */;
			targetProxy = CCB019602EF88C8F00B00AEA /* PBXContainerItemProxy */;
		};
		CCB0196B2EF88C8F00B00AEA /* PBXTargetDependency */ = {
			isa = PBXTargetDependency;
			target = CCB019512EF88C8E00B00AEA /* WebRTCDemo */;
			targetProxy = CCB0196A2EF88C8F00B00AEA /* PBXContainerItemProxy */;
		};
/* End PBXTargetDependency section */

/* Begin XCBuildConfiguration section */
		CCB019712EF88C8F00B00AEA /* Debug */ = {
			isa = XCBuildConfiguration;
			buildSettings = {
				ALWAYS_SEARCH_USER_PATHS = NO;
				ASSETCATALOG_COMPILER_GENERATE_SWIFT_ASSET_SYMBOL_EXTENSIONS = YES;
				CLANG_ANALYZER_NONNULL = YES;
				CLANG_ANALYZER_NUMBER_OBJECT_CONVERSION = YES_AGGRESSIVE;
				CLANG_CXX_LANGUAGE_STANDARD = "gnu++20";
				CLANG_ENABLE_MODULES = YES;
				CLANG_ENABLE_OBJC_ARC = YES;
				CLANG_ENABLE_OBJC_WEAK = YES;
				CLANG_WARN_BLOCK_CAPTURE_AUTORELEASING = YES;
				CLANG_WARN_BOOL_CONVERSION = YES;
				CLANG_WARN_COMMA = YES;
				CLANG_WARN_CONSTANT_CONVERSION = YES;
				CLANG_WARN_DEPRECATED_OBJC_IMPLEMENTATIONS = YES;
				CLANG_WARN_DIRECT_OBJC_ISA_USAGE = YES_ERROR;
				CLANG_WARN_DOCUMENTATION_COMMENTS = YES;
				CLANG_WARN_EMPTY_BODY = YES;
				CLANG_WARN_ENUM_CONVERSION = YES;
				CLANG_WARN_INFINITE_RECURSION = YES;
				CLANG_WARN_INT_CONVERSION = YES;
				CLANG_WARN_NON_LITERAL_NULL_CONVERSION = YES;
				CLANG_WARN_OBJC_IMPLICIT_RETAIN_SELF = YES;
				CLANG_WARN_OBJC_LITERAL_CONVERSION = YES;
				CLANG_WARN_OBJC_ROOT_CLASS = YES_ERROR;
				CLANG_WARN_QUOTED_INCLUDE_IN_FRAMEWORK_HEADER = YES;
				CLANG_WARN_RANGE_LOOP_ANALYSIS = YES;
				CLANG_WARN_STRICT_PROTOTYPES = YES;
				CLANG_WARN_SUSPICIOUS_MOVE = YES;
				CLANG_WARN_UNGUARDED_AVAILABILITY = YES_AGGRESSIVE;
				CLANG_WARN_UNREACHABLE_CODE = YES;
				CLANG_WARN__DUPLICATE_METHOD_MATCH = YES;
				COPY_PHASE_STRIP = NO;
				DEBUG_INFORMATION_FORMAT = dwarf;
				DEVELOPMENT_TEAM = 7T2874S592;
				ENABLE_STRICT_OBJC_MSGSEND = YES;
				ENABLE_TESTABILITY = YES;
				ENABLE_USER_SCRIPT_SANDBOXING = YES;
				GCC_C_LANGUAGE_STANDARD = gnu17;
				GCC_DYNAMIC_NO_PIC = NO;
				GCC_NO_COMMON_BLOCKS = YES;
				GCC_OPTIMIZATION_LEVEL = 0;
				GCC_PREPROCESSOR_DEFINITIONS = (
					"DEBUG=1",
					"$(inherited)",
				);
				GCC_WARN_64_TO_32_BIT_CONVERSION = YES;
				GCC_WARN_ABOUT_RETURN_TYPE = YES_ERROR;
				GCC_WARN_UNDECLARED_SELECTOR = YES;
				GCC_WARN_UNINITIALIZED_AUTOS = YES_AGGRESSIVE;
				GCC_WARN_UNUSED_FUNCTION = YES;
				GCC_WARN_UNUSED_VARIABLE = YES;
				IPHONEOS_DEPLOYMENT_TARGET = 26.2;
				LOCALIZATION_PREFERS_STRING_CATALOGS = YES;
				MTL_ENABLE_DEBUG_INFO = INCLUDE_SOURCE;
				MTL_FAST_MATH = YES;
				ONLY_ACTIVE_ARCH = YES;
				SDKROOT = iphoneos;
				SWIFT_ACTIVE_COMPILATION_CONDITIONS = "DEBUG $(inherited)";
				SWIFT_OPTIMIZATION_LEVEL = "-Onone";
			};
			name = Debug;
		};
		CCB019722EF88C8F00B00AEA /* Release */ = {
			isa = XCBuildConfiguration;
			buildSettings = {
				ALWAYS_SEARCH_USER_PATHS = NO;
				ASSETCATALOG_COMPILER_GENERATE_SWIFT_ASSET_SYMBOL_EXTENSIONS = YES;
				CLANG_ANALYZER_NONNULL = YES;
				CLANG_ANALYZER_NUMBER_OBJECT_CONVERSION = YES_AGGRESSIVE;
				CLANG_CXX_LANGUAGE_STANDARD = "gnu++20";
				CLANG_ENABLE_MODULES = YES;
				CLANG_ENABLE_OBJC_ARC = YES;
				CLANG_ENABLE_OBJC_WEAK = YES;
				CLANG_WARN_BLOCK_CAPTURE_AUTORELEASING = YES;
				CLANG_WARN_BOOL_CONVERSION = YES;
				CLANG_WARN_COMMA = YES;
				CLANG_WARN_CONSTANT_CONVERSION = YES;
				CLANG_WARN_DEPRECATED_OBJC_IMPLEMENTATIONS = YES;
				CLANG_WARN_DIRECT_OBJC_ISA_USAGE = YES_ERROR;
				CLANG_WARN_DOCUMENTATION_COMMENTS = YES;
				CLANG_WARN_EMPTY_BODY = YES;
				CLANG_WARN_ENUM_CONVERSION = YES;
				CLANG_WARN_INFINITE_RECURSION = YES;
				CLANG_WARN_INT_CONVERSION = YES;
				CLANG_WARN_NON_LITERAL_NULL_CONVERSION = YES;
				CLANG_WARN_OBJC_IMPLICIT_RETAIN_SELF = YES;
				CLANG_WARN_OBJC_LITERAL_CONVERSION = YES;
				CLANG_WARN_OBJC_ROOT_CLASS = YES_ERROR;
				CLANG_WARN_QUOTED_INCLUDE_IN_FRAMEWORK_HEADER = YES;
				CLANG_WARN_RANGE_LOOP_ANALYSIS = YES;
				CLANG_WARN_STRICT_PROTOTYPES = YES;
				CLANG_WARN_SUSPICIOUS_MOVE = YES;
				CLANG_WARN_UNGUARDED_AVAILABILITY = YES_AGGRESSIVE;
				CLANG_WARN_UNREACHABLE_CODE = YES;
				CLANG_WARN__DUPLICATE_METHOD_MATCH = YES;
				COPY_PHASE_STRIP = NO;
				DEBUG_INFORMATION_FORMAT = "dwarf-with-dsym";
				DEVELOPMENT_TEAM = 7T2874S592;
				ENABLE_NS_ASSERTIONS = NO;
				ENABLE_STRICT_OBJC_MSGSEND = YES;
				ENABLE_USER_SCRIPT_SANDBOXING = YES;
				GCC_C_LANGUAGE_STANDARD = gnu17;
				GCC_NO_COMMON_BLOCKS = YES;
				GCC_WARN_64_TO_32_BIT_CONVERSION = YES;
				GCC_WARN_ABOUT_RETURN_TYPE = YES_ERROR;
				GCC_WARN_UNDECLARED_SELECTOR = YES;
				GCC_WARN_UNINITIALIZED_AUTOS = YES_AGGRESSIVE;
				GCC_WARN_UNUSED_FUNCTION = YES;
				GCC_WARN_UNUSED_VARIABLE = YES;
				IPHONEOS_DEPLOYMENT_TARGET = 26.2;
				LOCALIZATION_PREFERS_STRING_CATALOGS = YES;
				MTL_ENABLE_DEBUG_INFO = NO;
				MTL_FAST_MATH = YES;
				SDKROOT = iphoneos;
				SWIFT_COMPILATION_MODE = wholemodule;
				VALIDATE_PRODUCT = YES;
			};
			name = Release;
		};
		CCB019742EF88C8F00B00AEA /* Debug */ = {
			isa = XCBuildConfiguration;
			buildSettings = {
				ASSETCATALOG_COMPILER_APPICON_NAME = AppIcon;
				ASSETCATALOG_COMPILER_GLOBAL_ACCENT_COLOR_NAME = AccentColor;
				CODE_SIGN_STYLE = Automatic;
				CURRENT_PROJECT_VERSION = 1;
				DEVELOPMENT_TEAM = 7T2874S592;
				ENABLE_PREVIEWS = YES;
				GENERATE_INFOPLIST_FILE = YES;
				INFOPLIST_FILE = WebRTCDemo/Info.plist;
				INFOPLIST_KEY_NSCameraUsageDescription = "Captures and transmits video to a remote client.";
				INFOPLIST_KEY_NSLocalNetworkUsageDescription = "WebRTC connectivity.";
				INFOPLIST_KEY_UIApplicationSceneManifest_Generation = YES;
				INFOPLIST_KEY_UIApplicationSupportsIndirectInputEvents = YES;
				INFOPLIST_KEY_UILaunchScreen_Generation = YES;
				INFOPLIST_KEY_UISupportedInterfaceOrientations_iPad = "UIInterfaceOrientationPortrait UIInterfaceOrientationPortraitUpsideDown UIInterfaceOrientationLandscapeLeft UIInterfaceOrientationLandscapeRight";
				INFOPLIST_KEY_UISupportedInterfaceOrientations_iPhone = "UIInterfaceOrientationPortrait UIInterfaceOrientationLandscapeLeft UIInterfaceOrientationLandscapeRight";
				IPHONEOS_DEPLOYMENT_TARGET = 26.0;
				LD_RUNPATH_SEARCH_PATHS = (
					"$(inherited)",
					"@executable_path/Frameworks",
				);
				MARKETING_VERSION = 1.0;
				PRODUCT_BUNDLE_IDENTIFIER = com.cambrianmoment.WebRTCDemo;
				PRODUCT_NAME = "$(TARGET_NAME)";
				STRING_CATALOG_GENERATE_SYMBOLS = YES;
				SWIFT_APPROACHABLE_CONCURRENCY = YES;
				SWIFT_DEFAULT_ACTOR_ISOLATION = MainActor;
				SWIFT_EMIT_LOC_STRINGS = YES;
				SWIFT_UPCOMING_FEATURE_MEMBER_IMPORT_VISIBILITY = YES;
				SWIFT_VERSION = 5.0;
				TARGETED_DEVICE_FAMILY = "1,2";
			};
			name = Debug;
		};
		CCB019752EF88C8F00B00AEA /* Release */ = {
			isa = XCBuildConfiguration;
			buildSettings = {
				ASSETCATALOG_COMPILER_APPICON_NAME = AppIcon;
				ASSETCATALOG_COMPILER_GLOBAL_ACCENT_COLOR_NAME = AccentColor;
				CODE_SIGN_STYLE = Automatic;
				CURRENT_PROJECT_VERSION = 1;
				DEVELOPMENT_TEAM = 7T2874S592;
				ENABLE_PREVIEWS = YES;
				GENERATE_INFOPLIST_FILE = YES;
				INFOPLIST_FILE = WebRTCDemo/Info.plist;
				INFOPLIST_KEY_NSCameraUsageDescription = "Captures and transmits video to a remote client.";
				INFOPLIST_KEY_NSLocalNetworkUsageDescription = "WebRTC connectivity.";
				INFOPLIST_KEY_UIApplicationSceneManifest_Generation = YES;
				INFOPLIST_KEY_UIApplicationSupportsIndirectInputEvents = YES;
				INFOPLIST_KEY_UILaunchScreen_Generation = YES;
				INFOPLIST_KEY_UISupportedInterfaceOrientations_iPad = "UIInterfaceOrientationPortrait UIInterfaceOrientationPortraitUpsideDown UIInterfaceOrientationLandscapeLeft UIInterfaceOrientationLandscapeRight";
				INFOPLIST_KEY_UISupportedInterfaceOrientations_iPhone = "UIInterfaceOrientationPortrait UIInterfaceOrientationLandscapeLeft UIInterfaceOrientationLandscapeRight";
				IPHONEOS_DEPLOYMENT_TARGET = 26.0;
				LD_RUNPATH_SEARCH_PATHS = (
					"$(inherited)",
					"@executable_path/Frameworks",
				);
				MARKETING_VERSION = 1.0;
				PRODUCT_BUNDLE_IDENTIFIER = com.cambrianmoment.WebRTCDemo;
				PRODUCT_NAME = "$(TARGET_NAME)";
				STRING_CATALOG_GENERATE_SYMBOLS = YES;
				SWIFT_APPROACHABLE_CONCURRENCY = YES;
				SWIFT_DEFAULT_ACTOR_ISOLATION = MainActor;
				SWIFT_EMIT_LOC_STRINGS = YES;
				SWIFT_UPCOMING_FEATURE_MEMBER_IMPORT_VISIBILITY = YES;
				SWIFT_VERSION = 5.0;
				TARGETED_DEVICE_FAMILY = "1,2";
			};
			name = Release;
		};
		CCB019772EF88C8F00B00AEA /* Debug */ = {
			isa = XCBuildConfiguration;
			buildSettings = {
				BUNDLE_LOADER = "$(TEST_HOST)";
				CODE_SIGN_STYLE = Automatic;
				CURRENT_PROJECT_VERSION = 1;
				DEVELOPMENT_TEAM = 7T2874S592;
				GENERATE_INFOPLIST_FILE = YES;
				IPHONEOS_DEPLOYMENT_TARGET = 26.2;
				MARKETING_VERSION = 1.0;
				PRODUCT_BUNDLE_IDENTIFIER = com.cambrianmoment.WebRTCDemoTests;
				PRODUCT_NAME = "$(TARGET_NAME)";
				STRING_CATALOG_GENERATE_SYMBOLS = NO;
				SWIFT_APPROACHABLE_CONCURRENCY = YES;
				SWIFT_EMIT_LOC_STRINGS = NO;
				SWIFT_UPCOMING_FEATURE_MEMBER_IMPORT_VISIBILITY = YES;
				SWIFT_VERSION = 5.0;
				TARGETED_DEVICE_FAMILY = "1,2";
				TEST_HOST = "$(BUILT_PRODUCTS_DIR)/WebRTCDemo.app/$(BUNDLE_EXECUTABLE_FOLDER_PATH)/WebRTCDemo";
			};
			name = Debug;
		};
		CCB019782EF88C8F00B00AEA /* Release */ = {
			isa = XCBuildConfiguration;
			buildSettings = {
				BUNDLE_LOADER = "$(TEST_HOST)";
				CODE_SIGN_STYLE = Automatic;
				CURRENT_PROJECT_VERSION = 1;
				DEVELOPMENT_TEAM = 7T2874S592;
				GENERATE_INFOPLIST_FILE = YES;
				IPHONEOS_DEPLOYMENT_TARGET = 26.2;
				MARKETING_VERSION = 1.0;
				PRODUCT_BUNDLE_IDENTIFIER = com.cambrianmoment.WebRTCDemoTests;
				PRODUCT_NAME = "$(TARGET_NAME)";
				STRING_CATALOG_GENERATE_SYMBOLS = NO;
				SWIFT_APPROACHABLE_CONCURRENCY = YES;
				SWIFT_EMIT_LOC_STRINGS = NO;
				SWIFT_UPCOMING_FEATURE_MEMBER_IMPORT_VISIBILITY = YES;
				SWIFT_VERSION = 5.0;
				TARGETED_DEVICE_FAMILY = "1,2";
				TEST_HOST = "$(BUILT_PRODUCTS_DIR)/WebRTCDemo.app/$(BUNDLE_EXECUTABLE_FOLDER_PATH)/WebRTCDemo";
			};
			name = Release;
		};
		CCB0197A2EF88C8F00B00AEA /* Debug */ = {
			isa = XCBuildConfiguration;
			buildSettings = {
				CODE_SIGN_STYLE = Automatic;
				CURRENT_PROJECT_VERSION = 1;
				DEVELOPMENT_TEAM = 7T2874S592;
				GENERATE_INFOPLIST_FILE = YES;
				MARKETING_VERSION = 1.0;
				PRODUCT_BUNDLE_IDENTIFIER = com.cambrianmoment.WebRTCDemoUITests;
				PRODUCT_NAME = "$(TARGET_NAME)";
				STRING_CATALOG_GENERATE_SYMBOLS = NO;
				SWIFT_APPROACHABLE_CONCURRENCY = YES;
				SWIFT_EMIT_LOC_STRINGS = NO;
				SWIFT_UPCOMING_FEATURE_MEMBER_IMPORT_VISIBILITY = YES;
				SWIFT_VERSION = 5.0;
				TARGETED_DEVICE_FAMILY = "1,2";
				TEST_TARGET_NAME = WebRTCDemo;
			};
			name = Debug;
		};
		CCB0197B2EF88C8F00B00AEA /* Release */ = {
			isa = XCBuildConfiguration;
			buildSettings = {
				CODE_SIGN_STYLE = Automatic;
				CURRENT_PROJECT_VERSION = 1;
				DEVELOPMENT_TEAM = 7T2874S592;
				GENERATE_INFOPLIST_FILE = YES;
				MARKETING_VERSION = 1.0;
				PRODUCT_BUNDLE_IDENTIFIER = com.cambrianmoment.WebRTCDemoUITests;
				PRODUCT_NAME = "$(TARGET_NAME)";
				STRING_CATALOG_GENERATE_SYMBOLS = NO;
				SWIFT_APPROACHABLE_CONCURRENCY = YES;
				SWIFT_EMIT_LOC_STRINGS = NO;
				SWIFT_UPCOMING_FEATURE_MEMBER_IMPORT_VISIBILITY = YES;
				SWIFT_VERSION = 5.0;
				TARGETED_DEVICE_FAMILY = "1,2";
				TEST_TARGET_NAME = WebRTCDemo;
			};
			name = Release;
		};
/* End XCBuildConfiguration section */

/* Begin XCConfigurationList section */
		CCB0194D2EF88C8E00B00AEA /* Build configuration list for PBXProject "WebRTCDemo" */ = {
			isa = XCConfigurationList;
			buildConfigurations = (
				CCB019712EF88C8F00B00AEA /* Debug */,
				CCB019722EF88C8F00B00AEA /* Release */,
			);
			defaultConfigurationIsVisible = 0;
			defaultConfigurationName = Release;
		};
		CCB019732EF88C8F00B00AEA /* Build configuration list for PBXNativeTarget "WebRTCDemo" */ = {
			isa = XCConfigurationList;
			buildConfigurations = (
				CCB019742EF88C8F00B00AEA /* Debug */,
				CCB019752EF88C8F00B00AEA /* Release */,
			);
			defaultConfigurationIsVisible = 0;
			defaultConfigurationName = Release;
		};
		CCB019762EF88C8F00B00AEA /* Build configuration list for PBXNativeTarget "WebRTCDemoTests" */ = {
			isa = XCConfigurationList;
			buildConfigurations = (
				CCB019772EF88C8F00B00AEA /* Debug */,
				CCB019782EF88C8F00B00AEA /* Release */,
			);
			defaultConfigurationIsVisible = 0;
			defaultConfigurationName = Release;
		};
		CCB019792EF88C8F00B00AEA /* Build configuration list for PBXNativeTarget "WebRTCDemoUITests" */ = {
			isa = XCConfigurationList;
			buildConfigurations = (
				CCB0197A2EF88C8F00B00AEA /* Debug */,
				CCB0197B2EF88C8F00B00AEA /* Release */,
			);
			defaultConfigurationIsVisible = 0;
			defaultConfigurationName = Release;
		};
/* End XCConfigurationList section */

/* Begin XCRemoteSwiftPackageReference section */
		CCB0197C2EF88E2B00B00AEA /* XCRemoteSwiftPackageReference "WebRTC" */ = {
			isa = XCRemoteSwiftPackageReference;
			repositoryURL = "https://github.com/stasel/WebRTC.git";
			requirement = {
				kind = exactVersion;
				version = 140.0.0;
			};
		};
		CCB01A062EF90A9700B00AEA /* XCRemoteSwiftPackageReference "Starscream" */ = {
			isa = XCRemoteSwiftPackageReference;
			repositoryURL = "https://github.com/daltoniam/Starscream.git";
			requirement = {
				kind = upToNextMajorVersion;
				minimumVersion = 4.0.8;
			};
		};
/* End XCRemoteSwiftPackageReference section */

/* Begin XCSwiftPackageProductDependency section */
		CCB0197D2EF88E2B00B00AEA /* WebRTC */ = {
			isa = XCSwiftPackageProductDependency;
			package = CCB0197C2EF88E2B00B00AEA /* XCRemoteSwiftPackageReference "WebRTC" */;
			productName = WebRTC;
		};
		CCB01A072EF90A9700B00AEA /* Starscream */ = {
			isa = XCSwiftPackageProductDependency;
			package = CCB01A062EF90A9700B00AEA /* XCRemoteSwiftPackageReference "Starscream" */;
			productName = Starscream;
		};
/* End XCSwiftPackageProductDependency section */
	};
	rootObject = CCB0194A2EF88C8E00B00AEA /* Project object */;
}
